
Microsoft Visual Studio Solution File, Format Version 12.00
# Visual Studio 2013
VisualStudioVersion = 12.0.31101.0
MinimumVisualStudioVersion = 10.0.40219.1
Project("{FAE04EC0-301F-11D3-BF4B-00C04F79EFBC}") = "Chapter_9", "Chapter 9\Chapter_9.csproj", "{7546DFD3-9D67-457B-9DCC-2DA86D164553}"
EndProject
Project("{FAE04EC0-301F-11D3-BF4B-00C04F79EFBC}") = "Chapter_9.Tests", "Chapter_9.Tests\Chapter_9.Tests.csproj", "{7DBBB335-073A-4FF0-841F-D713D71A63BA}"
EndProject
Global
	GlobalSection(SolutionConfigurationPlatforms) = preSolution
		Debug|Any CPU = Debug|Any CPU
		Release|Any CPU = Release|Any CPU
	EndGlobalSection
	GlobalSection(ProjectConfigurationPlatforms) = postSolution
		{7546DFD3-9D67-457B-9DCC-2DA86D164553}.Debug|Any CPU.ActiveCfg = Debug|Any CPU
		{7546DFD3-9D67-457B-9DCC-2DA86D164553}.Debug|Any CPU.Build.0 = Debug|Any CPU
		{7546DFD3-9D67-457B-9DCC-2DA86D164553}.Release|Any CPU.ActiveCfg = Release|Any CPU
		{7546DFD3-9D67-457B-9DCC-2DA86D164553}.Release|Any CPU.Build.0 = Release|Any CPU
		{7DBBB335-073A-4FF0-841F-D713D71A63BA}.Debug|Any CPU.ActiveCfg = Debug|Any CPU
		{7DBBB335-073A-4FF0-841F-D713D71A63BA}.Debug|Any CPU.Build.0 = Debug|Any CPU
		{7DBBB335-073A-4FF0-841F-D713D71A63BA}.Release|Any CPU.ActiveCfg = Release|Any CPU
		{7DBBB335-073A-4FF0-841F-D713D71A63BA}.Release|Any CPU.Build.0 = Release|Any CPU
	EndGlobalSection
	GlobalSection(SolutionProperties) = preSolution
		HideSolutionNode = FALSE
	EndGlobalSection
EndGlobal
